
Microsoft Visual Studio Solution File, Format Version 12.00
# Visual Studio Version 16
VisualStudioVersion = 16.0.30717.126
MinimumVisualStudioVersion = 10.0.40219.1
Project("{FAE04EC0-301F-11D3-BF4B-00C04F79EFBC}") = "pickerstate.Android", "pickerstate.Android\pickerstate.Android.csproj", "{A9C48771-A3B7-4178-9A05-0A41647E2C5F}"
EndProject
Project("{FAE04EC0-301F-11D3-BF4B-00C04F79EFBC}") = "pickerstate", "pickerstate\pickerstate.csproj", "{28C6781E-6B54-4C4E-A831-5DB813678B95}"
EndProject
Global
	GlobalSection(SolutionConfigurationPlatforms) = preSolution
		Debug|Any CPU = Debug|Any CPU
		Release|Any CPU = Release|Any CPU
	EndGlobalSection
	GlobalSection(ProjectConfigurationPlatforms) = postSolution
		{A9C48771-A3B7-4178-9A05-0A41647E2C5F}.Debug|Any CPU.ActiveCfg = Debug|Any CPU
		{A9C48771-A3B7-4178-9A05-0A41647E2C5F}.Debug|Any CPU.Build.0 = Debug|Any CPU
		{A9C48771-A3B7-4178-9A05-0A41647E2C5F}.Debug|Any CPU.Deploy.0 = Debug|Any CPU
		{A9C48771-A3B7-4178-9A05-0A41647E2C5F}.Release|Any CPU.ActiveCfg = Release|Any CPU
		{A9C48771-A3B7-4178-9A05-0A41647E2C5F}.Release|Any CPU.Build.0 = Release|Any CPU
		{A9C48771-A3B7-4178-9A05-0A41647E2C5F}.Release|Any CPU.Deploy.0 = Release|Any CPU
		{28C6781E-6B54-4C4E-A831-5DB813678B95}.Debug|Any CPU.ActiveCfg = Debug|Any CPU
		{28C6781E-6B54-4C4E-A831-5DB813678B95}.Debug|Any CPU.Build.0 = Debug|Any CPU
		{28C6781E-6B54-4C4E-A831-5DB813678B95}.Debug|Any CPU.Deploy.0 = Debug|Any CPU
		{28C6781E-6B54-4C4E-A831-5DB813678B95}.Release|Any CPU.ActiveCfg = Release|Any CPU
		{28C6781E-6B54-4C4E-A831-5DB813678B95}.Release|Any CPU.Build.0 = Release|Any CPU
		{28C6781E-6B54-4C4E-A831-5DB813678B95}.Release|Any CPU.Deploy.0 = Release|Any CPU
	EndGlobalSection
	GlobalSection(SolutionProperties) = preSolution
		HideSolutionNode = FALSE
	EndGlobalSection
	GlobalSection(ExtensibilityGlobals) = postSolution
		SolutionGuid = {7915E2C2-92C7-40CC-93B3-95FC92F28418}
	EndGlobalSection
EndGlobal
